
Microsoft Visual Studio Solution File, Format Version 12.00
# Visual Studio Version 16
VisualStudioVersion = 16.0.30804.86
MinimumVisualStudioVersion = 10.0.40219.1
Project("{2150E333-8FDC-42A3-9474-1A3956D46DE8}") = "Module01", "Module01", "{8EA6F9C9-84EE-4EE0-9D0E-D6170477EB63}"
EndProject
Project("{2150E333-8FDC-42A3-9474-1A3956D46DE8}") = "Module10", "Module10", "{906F4AD5-0D60-4853-ADD6-E56E3A3123EE}"
EndProject
Project("{2150E333-8FDC-42A3-9474-1A3956D46DE8}") = "Module11", "Module11", "{D84CAA93-B311-4AC3-8B93-D16855CEE22E}"
EndProject
Project("{9A19103F-16F7-4668-BE54-9A1E7A4F7556}") = "Module11.ConsoleApp.Bus", "Module11\Module11.ConsoleApp.Bus\Module11.ConsoleApp.Bus.csproj", "{DA707F43-3D77-4D0D-A067-0C56319F5608}"
EndProject
Project("{9A19103F-16F7-4668-BE54-9A1E7A4F7556}") = "Module11.ConsoleApp.Storage", "Module11\Module11.ConsoleApp.Storage\Module11.ConsoleApp.Storage.csproj", "{1102283A-F46C-4762-A133-259DD905305D}"
EndProject
Project("{9A19103F-16F7-4668-BE54-9A1E7A4F7556}") = "Module10.EventHubs.WPFApp", "Module10\Module10.EventHubs.WPFApp\Module10.EventHubs.WPFApp.csproj", "{00B848B8-8899-4C58-9A37-A234392F9A97}"
EndProject
Project("{2150E333-8FDC-42A3-9474-1A3956D46DE8}") = "Module13", "Module13", "{76F58915-0927-4D1A-8A25-17866168D06F}"
EndProject
Project("{9A19103F-16F7-4668-BE54-9A1E7A4F7556}") = "Module13.Redis.ConsoleApp", "Module13\Module13.Redis.ConsoleApp\Module13.Redis.ConsoleApp.csproj", "{D52E2ACC-20E0-4643-9D9F-3549CE50C0E5}"
EndProject
Project("{9A19103F-16F7-4668-BE54-9A1E7A4F7556}") = "Module01.WebApp", "Module01\Module01.WebApp\Module01.WebApp.csproj", "{18707664-7E82-4DB0-88BA-8D2CDADB8C79}"
EndProject
Project("{2150E333-8FDC-42A3-9474-1A3956D46DE8}") = "Module07", "Module07", "{5CCB5357-4917-49C3-B800-5E3663EABC5A}"
EndProject
Project("{2150E333-8FDC-42A3-9474-1A3956D46DE8}") = "Module08", "Module08", "{707963C1-0279-4509-8189-9D89281CD4DB}"
EndProject
Project("{9A19103F-16F7-4668-BE54-9A1E7A4F7556}") = "Module08.WebAPI", "Module08\Module08.WebAPI\Module08.WebAPI.csproj", "{F57692DB-44C0-445A-87C6-0AE3DB9788BF}"
EndProject
Project("{9A19103F-16F7-4668-BE54-9A1E7A4F7556}") = "Module11.ServiceBus.WPFApp", "Module11\Module11.ServiceBus.WPFApp\Module11.ServiceBus.WPFApp.csproj", "{71384A48-F319-4D64-BC80-2B018A5D131A}"
EndProject
Project("{2150E333-8FDC-42A3-9474-1A3956D46DE8}") = "Module12", "Module12", "{17655F29-1181-4F24-8C7F-3F3FB91305D5}"
EndProject
Project("{9A19103F-16F7-4668-BE54-9A1E7A4F7556}") = "Module12.WebAPI", "Module12\Module12.WebAPI1\Module12.WebAPI.csproj", "{34A31110-4BB8-4574-ABD4-D131B7C80F3C}"
EndProject
Project("{2150E333-8FDC-42A3-9474-1A3956D46DE8}") = "Module02", "Module02", "{4CAC7F52-99AD-452F-B0E4-766DDC4C8293}"
EndProject
Project("{9A19103F-16F7-4668-BE54-9A1E7A4F7556}") = "Module02.AzureFunctions1", "Module02\Module02.AzureFunctions1\Module02.AzureFunctions1.csproj", "{B40DC39D-80C1-4937-9E2C-328495CA49BC}"
EndProject
Project("{9A19103F-16F7-4668-BE54-9A1E7A4F7556}") = "Module12.WebApp", "Module12\Module12.WebApp\Module12.WebApp.csproj", "{BDA0C253-D9CE-47E2-B933-6CA9EA1B15A5}"
EndProject
Project("{2150E333-8FDC-42A3-9474-1A3956D46DE8}") = "Module06", "Module06", "{C28D5475-A6CC-4CED-9272-447827F70767}"
EndProject
Project("{9A19103F-16F7-4668-BE54-9A1E7A4F7556}") = "Module06.DesktopClient", "Module06\Module06.DesktopClient\Module06.DesktopClient.csproj", "{9EAAD00C-32D2-4CDD-A3AC-F27C4B2AB857}"
EndProject
Project("{2150E333-8FDC-42A3-9474-1A3956D46DE8}") = "Module03", "Module03", "{DF86456A-5760-4090-9B93-0705AC437B7F}"
EndProject
Project("{9A19103F-16F7-4668-BE54-9A1E7A4F7556}") = "Module03.ManageSAS.ConsoleApp", "Module03\Module03.ManageSAS.ConsoleApp\Module03.ManageSAS.ConsoleApp.csproj", "{7369255E-70CA-4584-A97C-033B4592EF54}"
EndProject
Project("{9A19103F-16F7-4668-BE54-9A1E7A4F7556}") = "Module13.Redis.BlazorApp", "Module13\Module13.Redis.BlazorApp\Module13.Redis.BlazorApp.csproj", "{D3D6040E-2E0C-4642-AFFB-0F0C74370A60}"
EndProject
Project("{2150E333-8FDC-42A3-9474-1A3956D46DE8}") = "Module05", "Module05", "{A857ED3E-CC77-4AE5-AB02-72B92EF7E940}"
EndProject
Project("{9A19103F-16F7-4668-BE54-9A1E7A4F7556}") = "Module05.DockerApp", "Module05\Module05.DockerApp\Module05.DockerApp.csproj", "{78EF0BC8-DEBB-460B-B6FE-B56F48C99ABE}"
EndProject
Project("{9A19103F-16F7-4668-BE54-9A1E7A4F7556}") = "Module05.DockerWebAPI", "Module05\Module05.DockerWebAPI\Module05.DockerWebAPI.csproj", "{935DCCA7-5626-4A21-9A9B-E52CCE1AE3A3}"
EndProject
Project("{9A19103F-16F7-4668-BE54-9A1E7A4F7556}") = "Module02.DurableFunctions", "Module02\Module02.DurableFunctions\Module02.DurableFunctions.csproj", "{69571273-EAE3-4968-9C5C-B34D69CD8D4C}"
EndProject
Project("{FAE04EC0-301F-11D3-BF4B-00C04F79EFBC}") = "Module01.WebJob", "Module01\Module01.WebJob\Module01.WebJob.csproj", "{9AB57197-F1A9-49D4-B1C1-F4615BDF1E71}"
EndProject
Global
	GlobalSection(SolutionConfigurationPlatforms) = preSolution
		Debug|Any CPU = Debug|Any CPU
		Release|Any CPU = Release|Any CPU
	EndGlobalSection
	GlobalSection(ProjectConfigurationPlatforms) = postSolution
		{DA707F43-3D77-4D0D-A067-0C56319F5608}.Debug|Any CPU.ActiveCfg = Debug|Any CPU
		{DA707F43-3D77-4D0D-A067-0C56319F5608}.Debug|Any CPU.Build.0 = Debug|Any CPU
		{DA707F43-3D77-4D0D-A067-0C56319F5608}.Release|Any CPU.ActiveCfg = Release|Any CPU
		{DA707F43-3D77-4D0D-A067-0C56319F5608}.Release|Any CPU.Build.0 = Release|Any CPU
		{1102283A-F46C-4762-A133-259DD905305D}.Debug|Any CPU.ActiveCfg = Debug|Any CPU
		{1102283A-F46C-4762-A133-259DD905305D}.Debug|Any CPU.Build.0 = Debug|Any CPU
		{1102283A-F46C-4762-A133-259DD905305D}.Release|Any CPU.ActiveCfg = Release|Any CPU
		{1102283A-F46C-4762-A133-259DD905305D}.Release|Any CPU.Build.0 = Release|Any CPU
		{00B848B8-8899-4C58-9A37-A234392F9A97}.Debug|Any CPU.ActiveCfg = Debug|Any CPU
		{00B848B8-8899-4C58-9A37-A234392F9A97}.Debug|Any CPU.Build.0 = Debug|Any CPU
		{00B848B8-8899-4C58-9A37-A234392F9A97}.Release|Any CPU.ActiveCfg = Release|Any CPU
		{00B848B8-8899-4C58-9A37-A234392F9A97}.Release|Any CPU.Build.0 = Release|Any CPU
		{D52E2ACC-20E0-4643-9D9F-3549CE50C0E5}.Debug|Any CPU.ActiveCfg = Debug|Any CPU
		{D52E2ACC-20E0-4643-9D9F-3549CE50C0E5}.Debug|Any CPU.Build.0 = Debug|Any CPU
		{D52E2ACC-20E0-4643-9D9F-3549CE50C0E5}.Release|Any CPU.ActiveCfg = Release|Any CPU
		{D52E2ACC-20E0-4643-9D9F-3549CE50C0E5}.Release|Any CPU.Build.0 = Release|Any CPU
		{18707664-7E82-4DB0-88BA-8D2CDADB8C79}.Debug|Any CPU.ActiveCfg = Debug|Any CPU
		{18707664-7E82-4DB0-88BA-8D2CDADB8C79}.Debug|Any CPU.Build.0 = Debug|Any CPU
		{18707664-7E82-4DB0-88BA-8D2CDADB8C79}.Release|Any CPU.ActiveCfg = Release|Any CPU
		{18707664-7E82-4DB0-88BA-8D2CDADB8C79}.Release|Any CPU.Build.0 = Release|Any CPU
		{F57692DB-44C0-445A-87C6-0AE3DB9788BF}.Debug|Any CPU.ActiveCfg = Debug|Any CPU
		{F57692DB-44C0-445A-87C6-0AE3DB9788BF}.Debug|Any CPU.Build.0 = Debug|Any CPU
		{F57692DB-44C0-445A-87C6-0AE3DB9788BF}.Release|Any CPU.ActiveCfg = Release|Any CPU
		{F57692DB-44C0-445A-87C6-0AE3DB9788BF}.Release|Any CPU.Build.0 = Release|Any CPU
		{71384A48-F319-4D64-BC80-2B018A5D131A}.Debug|Any CPU.ActiveCfg = Debug|Any CPU
		{71384A48-F319-4D64-BC80-2B018A5D131A}.Debug|Any CPU.Build.0 = Debug|Any CPU
		{71384A48-F319-4D64-BC80-2B018A5D131A}.Release|Any CPU.ActiveCfg = Release|Any CPU
		{71384A48-F319-4D64-BC80-2B018A5D131A}.Release|Any CPU.Build.0 = Release|Any CPU
		{34A31110-4BB8-4574-ABD4-D131B7C80F3C}.Debug|Any CPU.ActiveCfg = Debug|Any CPU
		{34A31110-4BB8-4574-ABD4-D131B7C80F3C}.Debug|Any CPU.Build.0 = Debug|Any CPU
		{34A31110-4BB8-4574-ABD4-D131B7C80F3C}.Release|Any CPU.ActiveCfg = Release|Any CPU
		{34A31110-4BB8-4574-ABD4-D131B7C80F3C}.Release|Any CPU.Build.0 = Release|Any CPU
		{B40DC39D-80C1-4937-9E2C-328495CA49BC}.Debug|Any CPU.ActiveCfg = Debug|Any CPU
		{B40DC39D-80C1-4937-9E2C-328495CA49BC}.Debug|Any CPU.Build.0 = Debug|Any CPU
		{B40DC39D-80C1-4937-9E2C-328495CA49BC}.Release|Any CPU.ActiveCfg = Release|Any CPU
		{B40DC39D-80C1-4937-9E2C-328495CA49BC}.Release|Any CPU.Build.0 = Release|Any CPU
		{BDA0C253-D9CE-47E2-B933-6CA9EA1B15A5}.Debug|Any CPU.ActiveCfg = Debug|Any CPU
		{BDA0C253-D9CE-47E2-B933-6CA9EA1B15A5}.Debug|Any CPU.Build.0 = Debug|Any CPU
		{BDA0C253-D9CE-47E2-B933-6CA9EA1B15A5}.Release|Any CPU.ActiveCfg = Release|Any CPU
		{BDA0C253-D9CE-47E2-B933-6CA9EA1B15A5}.Release|Any CPU.Build.0 = Release|Any CPU
		{9EAAD00C-32D2-4CDD-A3AC-F27C4B2AB857}.Debug|Any CPU.ActiveCfg = Debug|Any CPU
		{9EAAD00C-32D2-4CDD-A3AC-F27C4B2AB857}.Debug|Any CPU.Build.0 = Debug|Any CPU
		{9EAAD00C-32D2-4CDD-A3AC-F27C4B2AB857}.Release|Any CPU.ActiveCfg = Release|Any CPU
		{9EAAD00C-32D2-4CDD-A3AC-F27C4B2AB857}.Release|Any CPU.Build.0 = Release|Any CPU
		{7369255E-70CA-4584-A97C-033B4592EF54}.Debug|Any CPU.ActiveCfg = Debug|Any CPU
		{7369255E-70CA-4584-A97C-033B4592EF54}.Debug|Any CPU.Build.0 = Debug|Any CPU
		{7369255E-70CA-4584-A97C-033B4592EF54}.Release|Any CPU.ActiveCfg = Release|Any CPU
		{7369255E-70CA-4584-A97C-033B4592EF54}.Release|Any CPU.Build.0 = Release|Any CPU
		{D3D6040E-2E0C-4642-AFFB-0F0C74370A60}.Debug|Any CPU.ActiveCfg = Debug|Any CPU
		{D3D6040E-2E0C-4642-AFFB-0F0C74370A60}.Debug|Any CPU.Build.0 = Debug|Any CPU
		{D3D6040E-2E0C-4642-AFFB-0F0C74370A60}.Release|Any CPU.ActiveCfg = Release|Any CPU
		{D3D6040E-2E0C-4642-AFFB-0F0C74370A60}.Release|Any CPU.Build.0 = Release|Any CPU
		{78EF0BC8-DEBB-460B-B6FE-B56F48C99ABE}.Debug|Any CPU.ActiveCfg = Debug|Any CPU
		{78EF0BC8-DEBB-460B-B6FE-B56F48C99ABE}.Debug|Any CPU.Build.0 = Debug|Any CPU
		{78EF0BC8-DEBB-460B-B6FE-B56F48C99ABE}.Release|Any CPU.ActiveCfg = Release|Any CPU
		{78EF0BC8-DEBB-460B-B6FE-B56F48C99ABE}.Release|Any CPU.Build.0 = Release|Any CPU
		{935DCCA7-5626-4A21-9A9B-E52CCE1AE3A3}.Debug|Any CPU.ActiveCfg = Debug|Any CPU
		{935DCCA7-5626-4A21-9A9B-E52CCE1AE3A3}.Debug|Any CPU.Build.0 = Debug|Any CPU
		{935DCCA7-5626-4A21-9A9B-E52CCE1AE3A3}.Release|Any CPU.ActiveCfg = Release|Any CPU
		{935DCCA7-5626-4A21-9A9B-E52CCE1AE3A3}.Release|Any CPU.Build.0 = Release|Any CPU
		{69571273-EAE3-4968-9C5C-B34D69CD8D4C}.Debug|Any CPU.ActiveCfg = Debug|Any CPU
		{69571273-EAE3-4968-9C5C-B34D69CD8D4C}.Debug|Any CPU.Build.0 = Debug|Any CPU
		{69571273-EAE3-4968-9C5C-B34D69CD8D4C}.Release|Any CPU.ActiveCfg = Release|Any CPU
		{69571273-EAE3-4968-9C5C-B34D69CD8D4C}.Release|Any CPU.Build.0 = Release|Any CPU
		{9AB57197-F1A9-49D4-B1C1-F4615BDF1E71}.Debug|Any CPU.ActiveCfg = Debug|Any CPU
		{9AB57197-F1A9-49D4-B1C1-F4615BDF1E71}.Debug|Any CPU.Build.0 = Debug|Any CPU
		{9AB57197-F1A9-49D4-B1C1-F4615BDF1E71}.Release|Any CPU.ActiveCfg = Release|Any CPU
		{9AB57197-F1A9-49D4-B1C1-F4615BDF1E71}.Release|Any CPU.Build.0 = Release|Any CPU
	EndGlobalSection
	GlobalSection(SolutionProperties) = preSolution
		HideSolutionNode = FALSE
	EndGlobalSection
	GlobalSection(NestedProjects) = preSolution
		{DA707F43-3D77-4D0D-A067-0C56319F5608} = {D84CAA93-B311-4AC3-8B93-D16855CEE22E}
		{1102283A-F46C-4762-A133-259DD905305D} = {D84CAA93-B311-4AC3-8B93-D16855CEE22E}
		{00B848B8-8899-4C58-9A37-A234392F9A97} = {906F4AD5-0D60-4853-ADD6-E56E3A3123EE}
		{D52E2ACC-20E0-4643-9D9F-3549CE50C0E5} = {76F58915-0927-4D1A-8A25-17866168D06F}
		{18707664-7E82-4DB0-88BA-8D2CDADB8C79} = {8EA6F9C9-84EE-4EE0-9D0E-D6170477EB63}
		{F57692DB-44C0-445A-87C6-0AE3DB9788BF} = {707963C1-0279-4509-8189-9D89281CD4DB}
		{71384A48-F319-4D64-BC80-2B018A5D131A} = {D84CAA93-B311-4AC3-8B93-D16855CEE22E}
		{34A31110-4BB8-4574-ABD4-D131B7C80F3C} = {17655F29-1181-4F24-8C7F-3F3FB91305D5}
		{B40DC39D-80C1-4937-9E2C-328495CA49BC} = {4CAC7F52-99AD-452F-B0E4-766DDC4C8293}
		{BDA0C253-D9CE-47E2-B933-6CA9EA1B15A5} = {17655F29-1181-4F24-8C7F-3F3FB91305D5}
		{9EAAD00C-32D2-4CDD-A3AC-F27C4B2AB857} = {C28D5475-A6CC-4CED-9272-447827F70767}
		{7369255E-70CA-4584-A97C-033B4592EF54} = {DF86456A-5760-4090-9B93-0705AC437B7F}
		{D3D6040E-2E0C-4642-AFFB-0F0C74370A60} = {76F58915-0927-4D1A-8A25-17866168D06F}
		{78EF0BC8-DEBB-460B-B6FE-B56F48C99ABE} = {A857ED3E-CC77-4AE5-AB02-72B92EF7E940}
		{935DCCA7-5626-4A21-9A9B-E52CCE1AE3A3} = {A857ED3E-CC77-4AE5-AB02-72B92EF7E940}
		{69571273-EAE3-4968-9C5C-B34D69CD8D4C} = {4CAC7F52-99AD-452F-B0E4-766DDC4C8293}
		{9AB57197-F1A9-49D4-B1C1-F4615BDF1E71} = {8EA6F9C9-84EE-4EE0-9D0E-D6170477EB63}
	EndGlobalSection
	GlobalSection(ExtensibilityGlobals) = postSolution
		SolutionGuid = {9D8A5900-244F-4AE3-AC58-12C6DF7EEB37}
	EndGlobalSection
EndGlobal
